// !$*UTF8*$!
{
	archiveVersion = 1;
	classes = {
	};
	objectVersion = 55;
	objects = {

/* Begin PBXBuildFile section */
		0076579F27D8ABCE00EF909F /* Main.storyboard in Resources */ = {isa = PBXBuildFile; fileRef = 0076579D27D8ABCE00EF909F /* Main.storyboard */; };
		007657A127D8ABD400EF909F /* Assets.xcassets in Resources */ = {isa = PBXBuildFile; fileRef = 007657A027D8ABD400EF909F /* Assets.xcassets */; };
		007657A427D8ABD400EF909F /* LaunchScreen.storyboard in Resources */ = {isa = PBXBuildFile; fileRef = 007657A227D8ABD400EF909F /* LaunchScreen.storyboard */; };
		007657AF27D8ABD500EF909F /* SportsListTests.swift in Sources */ = {isa = PBXBuildFile; fileRef = 007657AE27D8ABD500EF909F /* SportsListTests.swift */; };
		007657B927D8ABD500EF909F /* SportsListUITests.swift in Sources */ = {isa = PBXBuildFile; fileRef = 007657B827D8ABD500EF909F /* SportsListUITests.swift */; };
		007657BB27D8ABD500EF909F /* SportsListUITestsLaunchTests.swift in Sources */ = {isa = PBXBuildFile; fileRef = 007657BA27D8ABD500EF909F /* SportsListUITestsLaunchTests.swift */; };
		007657C927D8ACEF00EF909F /* SportService.swift in Sources */ = {isa = PBXBuildFile; fileRef = 007657C827D8ACEF00EF909F /* SportService.swift */; };
		007657E127D8AD0200EF909F /* HttpRequestHelper.swift in Sources */ = {isa = PBXBuildFile; fileRef = 007657CB27D8AD0100EF909F /* HttpRequestHelper.swift */; };
		007657E227D8AD0200EF909F /* ColourHelper.swift in Sources */ = {isa = PBXBuildFile; fileRef = 007657CC27D8AD0100EF909F /* ColourHelper.swift */; };
		007657E327D8AD0200EF909F /* AppStyling.swift in Sources */ = {isa = PBXBuildFile; fileRef = 007657CD27D8AD0100EF909F /* AppStyling.swift */; };
		007657E427D8AD0200EF909F /* SportsListViewCell.xib in Resources */ = {isa = PBXBuildFile; fileRef = 007657CF27D8AD0100EF909F /* SportsListViewCell.xib */; };
		007657E527D8AD0200EF909F /* SportsListViewCell.swift in Sources */ = {isa = PBXBuildFile; fileRef = 007657D027D8AD0100EF909F /* SportsListViewCell.swift */; };
		007657E627D8AD0200EF909F /* SportsServiceFactory.swift in Sources */ = {isa = PBXBuildFile; fileRef = 007657D227D8AD0100EF909F /* SportsServiceFactory.swift */; };
		007657E727D8AD0200EF909F /* AppStyleable.swift in Sources */ = {isa = PBXBuildFile; fileRef = 007657D427D8AD0100EF909F /* AppStyleable.swift */; };
		007657E827D8AD0200EF909F /* StringFiles.swift in Sources */ = {isa = PBXBuildFile; fileRef = 007657D527D8AD0100EF909F /* StringFiles.swift */; };
		007657E927D8AD0200EF909F /* AppDelegate.swift in Sources */ = {isa = PBXBuildFile; fileRef = 007657D727D8AD0100EF909F /* AppDelegate.swift */; };
		007657EA27D8AD0200EF909F /* SceneDelegate.swift in Sources */ = {isa = PBXBuildFile; fileRef = 007657D827D8AD0100EF909F /* SceneDelegate.swift */; };
		007657EB27D8AD0200EF909F /* UIImageViewExtension.swift in Sources */ = {isa = PBXBuildFile; fileRef = 007657DA27D8AD0100EF909F /* UIImageViewExtension.swift */; };
		007657EC27D8AD0200EF909F /* StringExtensions.swift in Sources */ = {isa = PBXBuildFile; fileRef = 007657DB27D8AD0100EF909F /* StringExtensions.swift */; };
		007657ED27D8AD0200EF909F /* HomeViewController.swift in Sources */ = {isa = PBXBuildFile; fileRef = 007657DD27D8AD0200EF909F /* HomeViewController.swift */; };
		007657EE27D8AD0200EF909F /* SportsListViewController.swift in Sources */ = {isa = PBXBuildFile; fileRef = 007657DE27D8AD0200EF909F /* SportsListViewController.swift */; };
		007657EF27D8AD0200EF909F /* AppStyle.swift in Sources */ = {isa = PBXBuildFile; fileRef = 007657E027D8AD0200EF909F /* AppStyle.swift */; };
		007657F927D8AD1200EF909F /* Colour.strings in Resources */ = {isa = PBXBuildFile; fileRef = 007657F127D8AD1200EF909F /* Colour.strings */; };
		007657FA27D8AD1300EF909F /* AppStyleProtocol.swift in Sources */ = {isa = PBXBuildFile; fileRef = 007657F327D8AD1200EF909F /* AppStyleProtocol.swift */; };
		007657FB27D8AD1300EF909F /* SportsViewModel.swift in Sources */ = {isa = PBXBuildFile; fileRef = 007657F527D8AD1200EF909F /* SportsViewModel.swift */; };
		007657FC27D8AD1300EF909F /* SportsCellViewModel.swift in Sources */ = {isa = PBXBuildFile; fileRef = 007657F627D8AD1200EF909F /* SportsCellViewModel.swift */; };
		007657FD27D8AD1300EF909F /* Sports.swift in Sources */ = {isa = PBXBuildFile; fileRef = 007657F827D8AD1200EF909F /* Sports.swift */; };
		0076580127D8AD2200EF909F /* HomeListUITest.swift in Sources */ = {isa = PBXBuildFile; fileRef = 007657FE27D8AD2200EF909F /* HomeListUITest.swift */; };
		0076580227D8AD2200EF909F /* MockSportsService.swift in Sources */ = {isa = PBXBuildFile; fileRef = 0076580027D8AD2200EF909F /* MockSportsService.swift */; };
		0076580527D8AE1400EF909F /* SDWebImage in Frameworks */ = {isa = PBXBuildFile; productRef = 0076580427D8AE1400EF909F /* SDWebImage */; };
		0076580727D8AE1400EF909F /* SDWebImageMapKit in Frameworks */ = {isa = PBXBuildFile; productRef = 0076580627D8AE1400EF909F /* SDWebImageMapKit */; };
		0076580827D8AE2700EF909F /* MockSportsService.swift in Sources */ = {isa = PBXBuildFile; fileRef = 0076580027D8AD2200EF909F /* MockSportsService.swift */; };
		0076580927D8AE3800EF909F /* Sports.swift in Sources */ = {isa = PBXBuildFile; fileRef = 007657F827D8AD1200EF909F /* Sports.swift */; };
		0076580A27D8AE3800EF909F /* Sports.swift in Sources */ = {isa = PBXBuildFile; fileRef = 007657F827D8AD1200EF909F /* Sports.swift */; };
		0076580B27D8AE5200EF909F /* HttpRequestHelper.swift in Sources */ = {isa = PBXBuildFile; fileRef = 007657CB27D8AD0100EF909F /* HttpRequestHelper.swift */; };
		0076580C27D8AE5300EF909F /* HttpRequestHelper.swift in Sources */ = {isa = PBXBuildFile; fileRef = 007657CB27D8AD0100EF909F /* HttpRequestHelper.swift */; };
		0076580D27D8AEC000EF909F /* SportService.swift in Sources */ = {isa = PBXBuildFile; fileRef = 007657C827D8ACEF00EF909F /* SportService.swift */; };
		0076580E27D8AEC000EF909F /* SportService.swift in Sources */ = {isa = PBXBuildFile; fileRef = 007657C827D8ACEF00EF909F /* SportService.swift */; };
/* End PBXBuildFile section */

/* Begin PBXContainerItemProxy section */
		007657AB27D8ABD500EF909F /* PBXContainerItemProxy */ = {
			isa = PBXContainerItemProxy;
			containerPortal = 0076578C27D8ABCE00EF909F /* Project object */;
			proxyType = 1;
			remoteGlobalIDString = 0076579327D8ABCE00EF909F;
			remoteInfo = SportsList;
		};
		007657B527D8ABD500EF909F /* PBXContainerItemProxy */ = {
			isa = PBXContainerItemProxy;
			containerPortal = 0076578C27D8ABCE00EF909F /* Project object */;
			proxyType = 1;
			remoteGlobalIDString = 0076579327D8ABCE00EF909F;
			remoteInfo = SportsList;
		};
/* End PBXContainerItemProxy section */

/* Begin PBXFileReference section */
		0076579427D8ABCE00EF909F /* SportsList.app */ = {isa = PBXFileReference; explicitFileType = wrapper.application; includeInIndex = 0; path = SportsList.app; sourceTree = BUILT_PRODUCTS_DIR; };
		0076579E27D8ABCE00EF909F /* Base */ = {isa = PBXFileReference; lastKnownFileType = file.storyboard; name = Base; path = Base.lproj/Main.storyboard; sourceTree = "<group>"; };
		007657A027D8ABD400EF909F /* Assets.xcassets */ = {isa = PBXFileReference; lastKnownFileType = folder.assetcatalog; path = Assets.xcassets; sourceTree = "<group>"; };
		007657A327D8ABD400EF909F /* Base */ = {isa = PBXFileReference; lastKnownFileType = file.storyboard; name = Base; path = Base.lproj/LaunchScreen.storyboard; sourceTree = "<group>"; };
		007657A527D8ABD400EF909F /* Info.plist */ = {isa = PBXFileReference; lastKnownFileType = text.plist.xml; path = Info.plist; sourceTree = "<group>"; };
		007657AA27D8ABD500EF909F /* SportsListTests.xctest */ = {isa = PBXFileReference; explicitFileType = wrapper.cfbundle; includeInIndex = 0; path = SportsListTests.xctest; sourceTree = BUILT_PRODUCTS_DIR; };
		007657AE27D8ABD500EF909F /* SportsListTests.swift */ = {isa = PBXFileReference; lastKnownFileType = sourcecode.swift; path = SportsListTests.swift; sourceTree = "<group>"; };
		007657B427D8ABD500EF909F /* SportsListUITests.xctest */ = {isa = PBXFileReference; explicitFileType = wrapper.cfbundle; includeInIndex = 0; path = SportsListUITests.xctest; sourceTree = BUILT_PRODUCTS_DIR; };
		007657B827D8ABD500EF909F /* SportsListUITests.swift */ = {isa = PBXFileReference; lastKnownFileType = sourcecode.swift; path = SportsListUITests.swift; sourceTree = "<group>"; };
		007657BA27D8ABD500EF909F /* SportsListUITestsLaunchTests.swift */ = {isa = PBXFileReference; lastKnownFileType = sourcecode.swift; path = SportsListUITestsLaunchTests.swift; sourceTree = "<group>"; };
		007657C827D8ACEF00EF909F /* SportService.swift */ = {isa = PBXFileReference; fileEncoding = 4; lastKnownFileType = sourcecode.swift; path = SportService.swift; sourceTree = "<group>"; };
		007657CB27D8AD0100EF909F /* HttpRequestHelper.swift */ = {isa = PBXFileReference; fileEncoding = 4; lastKnownFileType = sourcecode.swift; path = HttpRequestHelper.swift; sourceTree = "<group>"; };
		007657CC27D8AD0100EF909F /* ColourHelper.swift */ = {isa = PBXFileReference; fileEncoding = 4; lastKnownFileType = sourcecode.swift; path = ColourHelper.swift; sourceTree = "<group>"; };
		007657CD27D8AD0100EF909F /* AppStyling.swift */ = {isa = PBXFileReference; fileEncoding = 4; lastKnownFileType = sourcecode.swift; path = AppStyling.swift; sourceTree = "<group>"; };
		007657CF27D8AD0100EF909F /* SportsListViewCell.xib */ = {isa = PBXFileReference; fileEncoding = 4; lastKnownFileType = file.xib; path = SportsListViewCell.xib; sourceTree = "<group>"; };
		007657D027D8AD0100EF909F /* SportsListViewCell.swift */ = {isa = PBXFileReference; fileEncoding = 4; lastKnownFileType = sourcecode.swift; path = SportsListViewCell.swift; sourceTree = "<group>"; };
		007657D227D8AD0100EF909F /* SportsServiceFactory.swift */ = {isa = PBXFileReference; fileEncoding = 4; lastKnownFileType = sourcecode.swift; path = SportsServiceFactory.swift; sourceTree = "<group>"; };
		007657D427D8AD0100EF909F /* AppStyleable.swift */ = {isa = PBXFileReference; fileEncoding = 4; lastKnownFileType = sourcecode.swift; path = AppStyleable.swift; sourceTree = "<group>"; };
		007657D527D8AD0100EF909F /* StringFiles.swift */ = {isa = PBXFileReference; fileEncoding = 4; lastKnownFileType = sourcecode.swift; path = StringFiles.swift; sourceTree = "<group>"; };
		007657D727D8AD0100EF909F /* AppDelegate.swift */ = {isa = PBXFileReference; fileEncoding = 4; lastKnownFileType = sourcecode.swift; path = AppDelegate.swift; sourceTree = "<group>"; };
		007657D827D8AD0100EF909F /* SceneDelegate.swift */ = {isa = PBXFileReference; fileEncoding = 4; lastKnownFileType = sourcecode.swift; path = SceneDelegate.swift; sourceTree = "<group>"; };
		007657DA27D8AD0100EF909F /* UIImageViewExtension.swift */ = {isa = PBXFileReference; fileEncoding = 4; lastKnownFileType = sourcecode.swift; path = UIImageViewExtension.swift; sourceTree = "<group>"; };
		007657DB27D8AD0100EF909F /* StringExtensions.swift */ = {isa = PBXFileReference; fileEncoding = 4; lastKnownFileType = sourcecode.swift; path = StringExtensions.swift; sourceTree = "<group>"; };
		007657DD27D8AD0200EF909F /* HomeViewController.swift */ = {isa = PBXFileReference; fileEncoding = 4; lastKnownFileType = sourcecode.swift; path = HomeViewController.swift; sourceTree = "<group>"; };
		007657DE27D8AD0200EF909F /* SportsListViewController.swift */ = {isa = PBXFileReference; fileEncoding = 4; lastKnownFileType = sourcecode.swift; path = SportsListViewController.swift; sourceTree = "<group>"; };
		007657E027D8AD0200EF909F /* AppStyle.swift */ = {isa = PBXFileReference; fileEncoding = 4; lastKnownFileType = sourcecode.swift; path = AppStyle.swift; sourceTree = "<group>"; };
		007657F127D8AD1200EF909F /* Colour.strings */ = {isa = PBXFileReference; fileEncoding = 4; lastKnownFileType = text.plist.strings; path = Colour.strings; sourceTree = "<group>"; };
		007657F327D8AD1200EF909F /* AppStyleProtocol.swift */ = {isa = PBXFileReference; fileEncoding = 4; lastKnownFileType = sourcecode.swift; path = AppStyleProtocol.swift; sourceTree = "<group>"; };
		007657F527D8AD1200EF909F /* SportsViewModel.swift */ = {isa = PBXFileReference; fileEncoding = 4; lastKnownFileType = sourcecode.swift; path = SportsViewModel.swift; sourceTree = "<group>"; };
		007657F627D8AD1200EF909F /* SportsCellViewModel.swift */ = {isa = PBXFileReference; fileEncoding = 4; lastKnownFileType = sourcecode.swift; path = SportsCellViewModel.swift; sourceTree = "<group>"; };
		007657F827D8AD1200EF909F /* Sports.swift */ = {isa = PBXFileReference; fileEncoding = 4; lastKnownFileType = sourcecode.swift; path = Sports.swift; sourceTree = "<group>"; };
		007657FE27D8AD2200EF909F /* HomeListUITest.swift */ = {isa = PBXFileReference; fileEncoding = 4; lastKnownFileType = sourcecode.swift; path = HomeListUITest.swift; sourceTree = "<group>"; };
		0076580027D8AD2200EF909F /* MockSportsService.swift */ = {isa = PBXFileReference; fileEncoding = 4; lastKnownFileType = sourcecode.swift; path = MockSportsService.swift; sourceTree = "<group>"; };
/* End PBXFileReference section */

/* Begin PBXFrameworksBuildPhase section */
		0076579127D8ABCE00EF909F /* Frameworks */ = {
			isa = PBXFrameworksBuildPhase;
			buildActionMask = 2147483647;
			files = (
				0076580727D8AE1400EF909F /* SDWebImageMapKit in Frameworks */,
				0076580527D8AE1400EF909F /* SDWebImage in Frameworks */,
			);
			runOnlyForDeploymentPostprocessing = 0;
		};
		007657A727D8ABD500EF909F /* Frameworks */ = {
			isa = PBXFrameworksBuildPhase;
			buildActionMask = 2147483647;
			files = (
			);
			runOnlyForDeploymentPostprocessing = 0;
		};
		007657B127D8ABD500EF909F /* Frameworks */ = {
			isa = PBXFrameworksBuildPhase;
			buildActionMask = 2147483647;
			files = (
			);
			runOnlyForDeploymentPostprocessing = 0;
		};
/* End PBXFrameworksBuildPhase section */

/* Begin PBXGroup section */
		0076578B27D8ABCE00EF909F = {
			isa = PBXGroup;
			children = (
				0076579627D8ABCE00EF909F /* SportsList */,
				007657AD27D8ABD500EF909F /* SportsListTests */,
				007657B727D8ABD500EF909F /* SportsListUITests */,
				0076579527D8ABCE00EF909F /* Products */,
			);
			sourceTree = "<group>";
		};
		0076579527D8ABCE00EF909F /* Products */ = {
			isa = PBXGroup;
			children = (
				0076579427D8ABCE00EF909F /* SportsList.app */,
				007657AA27D8ABD500EF909F /* SportsListTests.xctest */,
				007657B427D8ABD500EF909F /* SportsListUITests.xctest */,
			);
			name = Products;
			sourceTree = "<group>";
		};
		0076579627D8ABCE00EF909F /* SportsList */ = {
			isa = PBXGroup;
			children = (
				007657F727D8AD1200EF909F /* Models */,
				007657F227D8AD1200EF909F /* Protocols */,
				007657F027D8AD1200EF909F /* Strings */,
				007657F427D8AD1200EF909F /* ViewModels */,
				007657CE27D8AD0100EF909F /* CellView */,
				007657DF27D8AD0200EF909F /* Classes */,
				007657DC27D8AD0200EF909F /* Controllers */,
				007657D627D8AD0100EF909F /* Delegates */,
				007657D327D8AD0100EF909F /* EnumConfigs */,
				007657D927D8AD0100EF909F /* Extensions */,
				007657D127D8AD0100EF909F /* Factories */,
				007657CA27D8AD0100EF909F /* Helper */,
				007657C727D8ACEF00EF909F /* APIService */,
				0076579D27D8ABCE00EF909F /* Main.storyboard */,
				007657A027D8ABD400EF909F /* Assets.xcassets */,
				007657A227D8ABD400EF909F /* LaunchScreen.storyboard */,
				007657A527D8ABD400EF909F /* Info.plist */,
			);
			path = SportsList;
			sourceTree = "<group>";
		};
		007657AD27D8ABD500EF909F /* SportsListTests */ = {
			isa = PBXGroup;
			children = (
				007657AE27D8ABD500EF909F /* SportsListTests.swift */,
			);
			path = SportsListTests;
			sourceTree = "<group>";
		};
		007657B727D8ABD500EF909F /* SportsListUITests */ = {
			isa = PBXGroup;
			children = (
				007657FE27D8AD2200EF909F /* HomeListUITest.swift */,
				007657FF27D8AD2200EF909F /* Mocks */,
				007657B827D8ABD500EF909F /* SportsListUITests.swift */,
				007657BA27D8ABD500EF909F /* SportsListUITestsLaunchTests.swift */,
			);
			path = SportsListUITests;
			sourceTree = "<group>";
		};
		007657C727D8ACEF00EF909F /* APIService */ = {
			isa = PBXGroup;
			children = (
				007657C827D8ACEF00EF909F /* SportService.swift */,
			);
			path = APIService;
			sourceTree = "<group>";
		};
		007657CA27D8AD0100EF909F /* Helper */ = {
			isa = PBXGroup;
			children = (
				007657CB27D8AD0100EF909F /* HttpRequestHelper.swift */,
				007657CC27D8AD0100EF909F /* ColourHelper.swift */,
				007657CD27D8AD0100EF909F /* AppStyling.swift */,
			);
			path = Helper;
			sourceTree = "<group>";
		};
		007657CE27D8AD0100EF909F /* CellView */ = {
			isa = PBXGroup;
			children = (
				007657CF27D8AD0100EF909F /* SportsListViewCell.xib */,
				007657D027D8AD0100EF909F /* SportsListViewCell.swift */,
			);
			path = CellView;
			sourceTree = "<group>";
		};
		007657D127D8AD0100EF909F /* Factories */ = {
			isa = PBXGroup;
			children = (
				007657D227D8AD0100EF909F /* SportsServiceFactory.swift */,
			);
			path = Factories;
			sourceTree = "<group>";
		};
		007657D327D8AD0100EF909F /* EnumConfigs */ = {
			isa = PBXGroup;
			children = (
				007657D427D8AD0100EF909F /* AppStyleable.swift */,
				007657D527D8AD0100EF909F /* StringFiles.swift */,
			);
			path = EnumConfigs;
			sourceTree = "<group>";
		};
		007657D627D8AD0100EF909F /* Delegates */ = {
			isa = PBXGroup;
			children = (
				007657D727D8AD0100EF909F /* AppDelegate.swift */,
				007657D827D8AD0100EF909F /* SceneDelegate.swift */,
			);
			path = Delegates;
			sourceTree = "<group>";
		};
		007657D927D8AD0100EF909F /* Extensions */ = {
			isa = PBXGroup;
			children = (
				007657DA27D8AD0100EF909F /* UIImageViewExtension.swift */,
				007657DB27D8AD0100EF909F /* StringExtensions.swift */,
			);
			path = Extensions;
			sourceTree = "<group>";
		};
		007657DC27D8AD0200EF909F /* Controllers */ = {
			isa = PBXGroup;
			children = (
				007657DD27D8AD0200EF909F /* HomeViewController.swift */,
				007657DE27D8AD0200EF909F /* SportsListViewController.swift */,
			);
			path = Controllers;
			sourceTree = "<group>";
		};
		007657DF27D8AD0200EF909F /* Classes */ = {
			isa = PBXGroup;
			children = (
				007657E027D8AD0200EF909F /* AppStyle.swift */,
			);
			path = Classes;
			sourceTree = "<group>";
		};
		007657F027D8AD1200EF909F /* Strings */ = {
			isa = PBXGroup;
			children = (
				007657F127D8AD1200EF909F /* Colour.strings */,
			);
			path = Strings;
			sourceTree = "<group>";
		};
		007657F227D8AD1200EF909F /* Protocols */ = {
			isa = PBXGroup;
			children = (
				007657F327D8AD1200EF909F /* AppStyleProtocol.swift */,
			);
			path = Protocols;
			sourceTree = "<group>";
		};
		007657F427D8AD1200EF909F /* ViewModels */ = {
			isa = PBXGroup;
			children = (
				007657F527D8AD1200EF909F /* SportsViewModel.swift */,
				007657F627D8AD1200EF909F /* SportsCellViewModel.swift */,
			);
			path = ViewModels;
			sourceTree = "<group>";
		};
		007657F727D8AD1200EF909F /* Models */ = {
			isa = PBXGroup;
			children = (
				007657F827D8AD1200EF909F /* Sports.swift */,
			);
			path = Models;
			sourceTree = "<group>";
		};
		007657FF27D8AD2200EF909F /* Mocks */ = {
			isa = PBXGroup;
			children = (
				0076580027D8AD2200EF909F /* MockSportsService.swift */,
			);
			path = Mocks;
			sourceTree = "<group>";
		};
/* End PBXGroup section */

/* Begin PBXNativeTarget section */
		0076579327D8ABCE00EF909F /* SportsList */ = {
			isa = PBXNativeTarget;
			buildConfigurationList = 007657BE27D8ABD500EF909F /* Build configuration list for PBXNativeTarget "SportsList" */;
			buildPhases = (
				0076579027D8ABCE00EF909F /* Sources */,
				0076579127D8ABCE00EF909F /* Frameworks */,
				0076579227D8ABCE00EF909F /* Resources */,
			);
			buildRules = (
			);
			dependencies = (
			);
			name = SportsList;
			packageProductDependencies = (
				0076580427D8AE1400EF909F /* SDWebImage */,
				0076580627D8AE1400EF909F /* SDWebImageMapKit */,
			);
			productName = SportsList;
			productReference = 0076579427D8ABCE00EF909F /* SportsList.app */;
			productType = "com.apple.product-type.application";
		};
		007657A927D8ABD500EF909F /* SportsListTests */ = {
			isa = PBXNativeTarget;
			buildConfigurationList = 007657C127D8ABD500EF909F /* Build configuration list for PBXNativeTarget "SportsListTests" */;
			buildPhases = (
				007657A627D8ABD500EF909F /* Sources */,
				007657A727D8ABD500EF909F /* Frameworks */,
				007657A827D8ABD500EF909F /* Resources */,
			);
			buildRules = (
			);
			dependencies = (
				007657AC27D8ABD500EF909F /* PBXTargetDependency */,
			);
			name = SportsListTests;
			productName = SportsListTests;
			productReference = 007657AA27D8ABD500EF909F /* SportsListTests.xctest */;
			productType = "com.apple.product-type.bundle.unit-test";
		};
		007657B327D8ABD500EF909F /* SportsListUITests */ = {
			isa = PBXNativeTarget;
			buildConfigurationList = 007657C427D8ABD500EF909F /* Build configuration list for PBXNativeTarget "SportsListUITests" */;
			buildPhases = (
				007657B027D8ABD500EF909F /* Sources */,
				007657B127D8ABD500EF909F /* Frameworks */,
				007657B227D8ABD500EF909F /* Resources */,
			);
			buildRules = (
			);
			dependencies = (
				007657B627D8ABD500EF909F /* PBXTargetDependency */,
			);
			name = SportsListUITests;
			productName = SportsListUITests;
			productReference = 007657B427D8ABD500EF909F /* SportsListUITests.xctest */;
			productType = "com.apple.product-type.bundle.ui-testing";
		};
/* End PBXNativeTarget section */

/* Begin PBXProject section */
		0076578C27D8ABCE00EF909F /* Project object */ = {
			isa = PBXProject;
			attributes = {
				BuildIndependentTargetsInParallel = 1;
				LastSwiftUpdateCheck = 1300;
				LastUpgradeCheck = 1300;
				TargetAttributes = {
					0076579327D8ABCE00EF909F = {
						CreatedOnToolsVersion = 13.0;
					};
					007657A927D8ABD500EF909F = {
						CreatedOnToolsVersion = 13.0;
						TestTargetID = 0076579327D8ABCE00EF909F;
					};
					007657B327D8ABD500EF909F = {
						CreatedOnToolsVersion = 13.0;
						TestTargetID = 0076579327D8ABCE00EF909F;
					};
				};
			};
			buildConfigurationList = 0076578F27D8ABCE00EF909F /* Build configuration list for PBXProject "SportsList" */;
			compatibilityVersion = "Xcode 13.0";
			developmentRegion = en;
			hasScannedForEncodings = 0;
			knownRegions = (
				en,
				Base,
			);
			mainGroup = 0076578B27D8ABCE00EF909F;
			packageReferences = (
				0076580327D8AE1400EF909F /* XCRemoteSwiftPackageReference "SDWebImage" */,
			);
			productRefGroup = 0076579527D8ABCE00EF909F /* Products */;
			projectDirPath = "";
			projectRoot = "";
			targets = (
				0076579327D8ABCE00EF909F /* SportsList */,
				007657A927D8ABD500EF909F /* SportsListTests */,
				007657B327D8ABD500EF909F /* SportsListUITests */,
			);
		};
/* End PBXProject section */

/* Begin PBXResourcesBuildPhase section */
		0076579227D8ABCE00EF909F /* Resources */ = {
			isa = PBXResourcesBuildPhase;
			buildActionMask = 2147483647;
			files = (
				007657A427D8ABD400EF909F /* LaunchScreen.storyboard in Resources */,
				007657E427D8AD0200EF909F /* SportsListViewCell.xib in Resources */,
				007657A127D8ABD400EF909F /* Assets.xcassets in Resources */,
				007657F927D8AD1200EF909F /* Colour.strings in Resources */,
				0076579F27D8ABCE00EF909F /* Main.storyboard in Resources */,
			);
			runOnlyForDeploymentPostprocessing = 0;
		};
		007657A827D8ABD500EF909F /* Resources */ = {
			isa = PBXResourcesBuildPhase;
			buildActionMask = 2147483647;
			files = (
			);
			runOnlyForDeploymentPostprocessing = 0;
		};
		007657B227D8ABD500EF909F /* Resources */ = {
			isa = PBXResourcesBuildPhase;
			buildActionMask = 2147483647;
			files = (
			);
			runOnlyForDeploymentPostprocessing = 0;
		};
/* End PBXResourcesBuildPhase section */

/* Begin PBXSourcesBuildPhase section */
		0076579027D8ABCE00EF909F /* Sources */ = {
			isa = PBXSourcesBuildPhase;
			buildActionMask = 2147483647;
			files = (
				007657EC27D8AD0200EF909F /* StringExtensions.swift in Sources */,
				007657FC27D8AD1300EF909F /* SportsCellViewModel.swift in Sources */,
				007657E527D8AD0200EF909F /* SportsListViewCell.swift in Sources */,
				007657FB27D8AD1300EF909F /* SportsViewModel.swift in Sources */,
				007657E627D8AD0200EF909F /* SportsServiceFactory.swift in Sources */,
				007657C927D8ACEF00EF909F /* SportService.swift in Sources */,
				007657FD27D8AD1300EF909F /* Sports.swift in Sources */,
				007657E927D8AD0200EF909F /* AppDelegate.swift in Sources */,
				0076580827D8AE2700EF909F /* MockSportsService.swift in Sources */,
				007657FA27D8AD1300EF909F /* AppStyleProtocol.swift in Sources */,
				007657EE27D8AD0200EF909F /* SportsListViewController.swift in Sources */,
				007657EF27D8AD0200EF909F /* AppStyle.swift in Sources */,
				007657E227D8AD0200EF909F /* ColourHelper.swift in Sources */,
				007657EA27D8AD0200EF909F /* SceneDelegate.swift in Sources */,
				007657EB27D8AD0200EF909F /* UIImageViewExtension.swift in Sources */,
				007657E327D8AD0200EF909F /* AppStyling.swift in Sources */,
				007657E127D8AD0200EF909F /* HttpRequestHelper.swift in Sources */,
				007657E827D8AD0200EF909F /* StringFiles.swift in Sources */,
				007657ED27D8AD0200EF909F /* HomeViewController.swift in Sources */,
				007657E727D8AD0200EF909F /* AppStyleable.swift in Sources */,
			);
			runOnlyForDeploymentPostprocessing = 0;
		};
		007657A627D8ABD500EF909F /* Sources */ = {
			isa = PBXSourcesBuildPhase;
			buildActionMask = 2147483647;
			files = (
				0076580927D8AE3800EF909F /* Sports.swift in Sources */,
				0076580B27D8AE5200EF909F /* HttpRequestHelper.swift in Sources */,
				0076580E27D8AEC000EF909F /* SportService.swift in Sources */,
				007657AF27D8ABD500EF909F /* SportsListTests.swift in Sources */,
			);
			runOnlyForDeploymentPostprocessing = 0;
		};
		007657B027D8ABD500EF909F /* Sources */ = {
			isa = PBXSourcesBuildPhase;
			buildActionMask = 2147483647;
			files = (
				0076580227D8AD2200EF909F /* MockSportsService.swift in Sources */,
				0076580C27D8AE5300EF909F /* HttpRequestHelper.swift in Sources */,
				0076580A27D8AE3800EF909F /* Sports.swift in Sources */,
				007657B927D8ABD500EF909F /* SportsListUITests.swift in Sources */,
				007657BB27D8ABD500EF909F /* SportsListUITestsLaunchTests.swift in Sources */,
				0076580D27D8AEC000EF909F /* SportService.swift in Sources */,
				0076580127D8AD2200EF909F /* HomeListUITest.swift in Sources */,
			);
			runOnlyForDeploymentPostprocessing = 0;
		};
/* End PBXSourcesBuildPhase section */

/* Begin PBXTargetDependency section */
		007657AC27D8ABD500EF909F /* PBXTargetDependency */ = {
			isa = PBXTargetDependency;
			target = 0076579327D8ABCE00EF909F /* SportsList */;
			targetProxy = 007657AB27D8ABD500EF909F /* PBXContainerItemProxy */;
		};
		007657B627D8ABD500EF909F /* PBXTargetDependency */ = {
			isa = PBXTargetDependency;
			target = 0076579327D8ABCE00EF909F /* SportsList */;
			targetProxy = 007657B527D8ABD500EF909F /* PBXContainerItemProxy */;
		};
/* End PBXTargetDependency section */

/* Begin PBXVariantGroup section */
		0076579D27D8ABCE00EF909F /* Main.storyboard */ = {
			isa = PBXVariantGroup;
			children = (
				0076579E27D8ABCE00EF909F /* Base */,
			);
			name = Main.storyboard;
			sourceTree = "<group>";
		};
		007657A227D8ABD400EF909F /* LaunchScreen.storyboard */ = {
			isa = PBXVariantGroup;
			children = (
				007657A327D8ABD400EF909F /* Base */,
			);
			name = LaunchScreen.storyboard;
			sourceTree = "<group>";
		};
/* End PBXVariantGroup section */

/* Begin XCBuildConfiguration section */
		007657BC27D8ABD500EF909F /* Debug */ = {
			isa = XCBuildConfiguration;
			buildSettings = {
				ALWAYS_SEARCH_USER_PATHS = NO;
				CLANG_ANALYZER_NONNULL = YES;
				CLANG_ANALYZER_NUMBER_OBJECT_CONVERSION = YES_AGGRESSIVE;
				CLANG_CXX_LANGUAGE_STANDARD = "gnu++17";
				CLANG_CXX_LIBRARY = "libc++";
				CLANG_ENABLE_MODULES = YES;
				CLANG_ENABLE_OBJC_ARC = YES;
				CLANG_ENABLE_OBJC_WEAK = YES;
				CLANG_WARN_BLOCK_CAPTURE_AUTORELEASING = YES;
				CLANG_WARN_BOOL_CONVERSION = YES;
				CLANG_WARN_COMMA = YES;
				CLANG_WARN_CONSTANT_CONVERSION = YES;
				CLANG_WARN_DEPRECATED_OBJC_IMPLEMENTATIONS = YES;
				CLANG_WARN_DIRECT_OBJC_ISA_USAGE = YES_ERROR;
				CLANG_WARN_DOCUMENTATION_COMMENTS = YES;
				CLANG_WARN_EMPTY_BODY = YES;
				CLANG_WARN_ENUM_CONVERSION = YES;
				CLANG_WARN_INFINITE_RECURSION = YES;
				CLANG_WARN_INT_CONVERSION = YES;
				CLANG_WARN_NON_LITERAL_NULL_CONVERSION = YES;
				CLANG_WARN_OBJC_IMPLICIT_RETAIN_SELF = YES;
				CLANG_WARN_OBJC_LITERAL_CONVERSION = YES;
				CLANG_WARN_OBJC_ROOT_CLASS = YES_ERROR;
				CLANG_WARN_QUOTED_INCLUDE_IN_FRAMEWORK_HEADER = YES;
				CLANG_WARN_RANGE_LOOP_ANALYSIS = YES;
				CLANG_WARN_STRICT_PROTOTYPES = YES;
				CLANG_WARN_SUSPICIOUS_MOVE = YES;
				CLANG_WARN_UNGUARDED_AVAILABILITY = YES_AGGRESSIVE;
				CLANG_WARN_UNREACHABLE_CODE = YES;
				CLANG_WARN__DUPLICATE_METHOD_MATCH = YES;
				COPY_PHASE_STRIP = NO;
				DEBUG_INFORMATION_FORMAT = dwarf;
				ENABLE_STRICT_OBJC_MSGSEND = YES;
				ENABLE_TESTABILITY = YES;
				GCC_C_LANGUAGE_STANDARD = gnu11;
				GCC_DYNAMIC_NO_PIC = NO;
				GCC_NO_COMMON_BLOCKS = YES;
				GCC_OPTIMIZATION_LEVEL = 0;
				GCC_PREPROCESSOR_DEFINITIONS = (
					"DEBUG=1",
					"$(inherited)",
				);
				GCC_WARN_64_TO_32_BIT_CONVERSION = YES;
				GCC_WARN_ABOUT_RETURN_TYPE = YES_ERROR;
				GCC_WARN_UNDECLARED_SELECTOR = YES;
				GCC_WARN_UNINITIALIZED_AUTOS = YES_AGGRESSIVE;
				GCC_WARN_UNUSED_FUNCTION = YES;
				GCC_WARN_UNUSED_VARIABLE = YES;
				IPHONEOS_DEPLOYMENT_TARGET = 11.0;
				MTL_ENABLE_DEBUG_INFO = INCLUDE_SOURCE;
				MTL_FAST_MATH = YES;
				ONLY_ACTIVE_ARCH = YES;
				SDKROOT = iphoneos;
				SWIFT_ACTIVE_COMPILATION_CONDITIONS = DEBUG;
				SWIFT_OPTIMIZATION_LEVEL = "-Onone";
			};
			name = Debug;
		};
		007657BD27D8ABD500EF909F /* Release */ = {
			isa = XCBuildConfiguration;
			buildSettings = {
				ALWAYS_SEARCH_USER_PATHS = NO;
				CLANG_ANALYZER_NONNULL = YES;
				CLANG_ANALYZER_NUMBER_OBJECT_CONVERSION = YES_AGGRESSIVE;
				CLANG_CXX_LANGUAGE_STANDARD = "gnu++17";
				CLANG_CXX_LIBRARY = "libc++";
				CLANG_ENABLE_MODULES = YES;
				CLANG_ENABLE_OBJC_ARC = YES;
				CLANG_ENABLE_OBJC_WEAK = YES;
				CLANG_WARN_BLOCK_CAPTURE_AUTORELEASING = YES;
				CLANG_WARN_BOOL_CONVERSION = YES;
				CLANG_WARN_COMMA = YES;
				CLANG_WARN_CONSTANT_CONVERSION = YES;
				CLANG_WARN_DEPRECATED_OBJC_IMPLEMENTATIONS = YES;
				CLANG_WARN_DIRECT_OBJC_ISA_USAGE = YES_ERROR;
				CLANG_WARN_DOCUMENTATION_COMMENTS = YES;
				CLANG_WARN_EMPTY_BODY = YES;
				CLANG_WARN_ENUM_CONVERSION = YES;
				CLANG_WARN_INFINITE_RECURSION = YES;
				CLANG_WARN_INT_CONVERSION = YES;
				CLANG_WARN_NON_LITERAL_NULL_CONVERSION = YES;
				CLANG_WARN_OBJC_IMPLICIT_RETAIN_SELF = YES;
				CLANG_WARN_OBJC_LITERAL_CONVERSION = YES;
				CLANG_WARN_OBJC_ROOT_CLASS = YES_ERROR;
				CLANG_WARN_QUOTED_INCLUDE_IN_FRAMEWORK_HEADER = YES;
				CLANG_WARN_RANGE_LOOP_ANALYSIS = YES;
				CLANG_WARN_STRICT_PROTOTYPES = YES;
				CLANG_WARN_SUSPICIOUS_MOVE = YES;
				CLANG_WARN_UNGUARDED_AVAILABILITY = YES_AGGRESSIVE;
				CLANG_WARN_UNREACHABLE_CODE = YES;
				CLANG_WARN__DUPLICATE_METHOD_MATCH = YES;
				COPY_PHASE_STRIP = NO;
				DEBUG_INFORMATION_FORMAT = "dwarf-with-dsym";
				ENABLE_NS_ASSERTIONS = NO;
				ENABLE_STRICT_OBJC_MSGSEND = YES;
				GCC_C_LANGUAGE_STANDARD = gnu11;
				GCC_NO_COMMON_BLOCKS = YES;
				GCC_WARN_64_TO_32_BIT_CONVERSION = YES;
				GCC_WARN_ABOUT_RETURN_TYPE = YES_ERROR;
				GCC_WARN_UNDECLARED_SELECTOR = YES;
				GCC_WARN_UNINITIALIZED_AUTOS = YES_AGGRESSIVE;
				GCC_WARN_UNUSED_FUNCTION = YES;
				GCC_WARN_UNUSED_VARIABLE = YES;
				IPHONEOS_DEPLOYMENT_TARGET = 11.0;
				MTL_ENABLE_DEBUG_INFO = NO;
				MTL_FAST_MATH = YES;
				SDKROOT = iphoneos;
				SWIFT_COMPILATION_MODE = wholemodule;
				SWIFT_OPTIMIZATION_LEVEL = "-O";
				VALIDATE_PRODUCT = YES;
			};
			name = Release;
		};
		007657BF27D8ABD500EF909F /* Debug */ = {
			isa = XCBuildConfiguration;
			buildSettings = {
				ASSETCATALOG_COMPILER_APPICON_NAME = AppIcon;
				ASSETCATALOG_COMPILER_GLOBAL_ACCENT_COLOR_NAME = AccentColor;
				CODE_SIGN_STYLE = Automatic;
				CURRENT_PROJECT_VERSION = 1;
				GENERATE_INFOPLIST_FILE = YES;
				INFOPLIST_FILE = SportsList/Info.plist;
				INFOPLIST_KEY_UIApplicationSupportsIndirectInputEvents = YES;
				INFOPLIST_KEY_UILaunchStoryboardName = LaunchScreen;
				INFOPLIST_KEY_UIMainStoryboardFile = Main;
				INFOPLIST_KEY_UISupportedInterfaceOrientations_iPad = "UIInterfaceOrientationPortrait UIInterfaceOrientationPortraitUpsideDown UIInterfaceOrientationLandscapeLeft UIInterfaceOrientationLandscapeRight";
				INFOPLIST_KEY_UISupportedInterfaceOrientations_iPhone = "UIInterfaceOrientationPortrait UIInterfaceOrientationLandscapeLeft UIInterfaceOrientationLandscapeRight";
				LD_RUNPATH_SEARCH_PATHS = (
					"$(inherited)",
					"@executable_path/Frameworks",
				);
				MARKETING_VERSION = 1.0;
				PRODUCT_BUNDLE_IDENTIFIER = com.product.SportsList;
				PRODUCT_NAME = "$(TARGET_NAME)";
				SWIFT_EMIT_LOC_STRINGS = YES;
				SWIFT_VERSION = 5.0;
				TARGETED_DEVICE_FAMILY = "1,2";
			};
			name = Debug;
		};
		007657C027D8ABD500EF909F /* Release */ = {
			isa = XCBuildConfiguration;
			buildSettings = {
				ASSETCATALOG_COMPILER_APPICON_NAME = AppIcon;
				ASSETCATALOG_COMPILER_GLOBAL_ACCENT_COLOR_NAME = AccentColor;
				CODE_SIGN_STYLE = Automatic;
				CURRENT_PROJECT_VERSION = 1;
				GENERATE_INFOPLIST_FILE = YES;
				INFOPLIST_FILE = SportsList/Info.plist;
				INFOPLIST_KEY_UIApplicationSupportsIndirectInputEvents = YES;
				INFOPLIST_KEY_UILaunchStoryboardName = LaunchScreen;
				INFOPLIST_KEY_UIMainStoryboardFile = Main;
				INFOPLIST_KEY_UISupportedInterfaceOrientations_iPad = "UIInterfaceOrientationPortrait UIInterfaceOrientationPortraitUpsideDown UIInterfaceOrientationLandscapeLeft UIInterfaceOrientationLandscapeRight";
				INFOPLIST_KEY_UISupportedInterfaceOrientations_iPhone = "UIInterfaceOrientationPortrait UIInterfaceOrientationLandscapeLeft UIInterfaceOrientationLandscapeRight";
				LD_RUNPATH_SEARCH_PATHS = (
					"$(inherited)",
					"@executable_path/Frameworks",
				);
				MARKETING_VERSION = 1.0;
				PRODUCT_BUNDLE_IDENTIFIER = com.product.SportsList;
				PRODUCT_NAME = "$(TARGET_NAME)";
				SWIFT_EMIT_LOC_STRINGS = YES;
				SWIFT_VERSION = 5.0;
				TARGETED_DEVICE_FAMILY = "1,2";
			};
			name = Release;
		};
		007657C227D8ABD500EF909F /* Debug */ = {
			isa = XCBuildConfiguration;
			buildSettings = {
				ALWAYS_EMBED_SWIFT_STANDARD_LIBRARIES = YES;
				BUNDLE_LOADER = "$(TEST_HOST)";
				CODE_SIGN_STYLE = Automatic;
				CURRENT_PROJECT_VERSION = 1;
				GENERATE_INFOPLIST_FILE = YES;
				IPHONEOS_DEPLOYMENT_TARGET = 15.0;
				LD_RUNPATH_SEARCH_PATHS = (
					"$(inherited)",
					"@executable_path/Frameworks",
					"@loader_path/Frameworks",
				);
				MARKETING_VERSION = 1.0;
				PRODUCT_BUNDLE_IDENTIFIER = com.product.SportsListTests;
				PRODUCT_NAME = "$(TARGET_NAME)";
				SWIFT_EMIT_LOC_STRINGS = NO;
				SWIFT_VERSION = 5.0;
				TARGETED_DEVICE_FAMILY = "1,2";
				TEST_HOST = "$(BUILT_PRODUCTS_DIR)/SportsList.app/SportsList";
			};
			name = Debug;
		};
		007657C327D8ABD500EF909F /* Release */ = {
			isa = XCBuildConfiguration;
			buildSettings = {
				ALWAYS_EMBED_SWIFT_STANDARD_LIBRARIES = YES;
				BUNDLE_LOADER = "$(TEST_HOST)";
				CODE_SIGN_STYLE = Automatic;
				CURRENT_PROJECT_VERSION = 1;
				GENERATE_INFOPLIST_FILE = YES;
				IPHONEOS_DEPLOYMENT_TARGET = 15.0;
				LD_RUNPATH_SEARCH_PATHS = (
					"$(inherited)",
					"@executable_path/Frameworks",
					"@loader_path/Frameworks",
				);
				MARKETING_VERSION = 1.0;
				PRODUCT_BUNDLE_IDENTIFIER = com.product.SportsListTests;
				PRODUCT_NAME = "$(TARGET_NAME)";
				SWIFT_EMIT_LOC_STRINGS = NO;
				SWIFT_VERSION = 5.0;
				TARGETED_DEVICE_FAMILY = "1,2";
				TEST_HOST = "$(BUILT_PRODUCTS_DIR)/SportsList.app/SportsList";
			};
			name = Release;
		};
		007657C527D8ABD500EF909F /* Debug */ = {
			isa = XCBuildConfiguration;
			buildSettings = {
				ALWAYS_EMBED_SWIFT_STANDARD_LIBRARIES = YES;
				CODE_SIGN_STYLE = Automatic;
				CURRENT_PROJECT_VERSION = 1;
				GENERATE_INFOPLIST_FILE = YES;
				LD_RUNPATH_SEARCH_PATHS = (
					"$(inherited)",
					"@executable_path/Frameworks",
					"@loader_path/Frameworks",
				);
				MARKETING_VERSION = 1.0;
				PRODUCT_BUNDLE_IDENTIFIER = com.product.SportsListUITests;
				PRODUCT_NAME = "$(TARGET_NAME)";
				SWIFT_EMIT_LOC_STRINGS = NO;
				SWIFT_VERSION = 5.0;
				TARGETED_DEVICE_FAMILY = "1,2";
				TEST_TARGET_NAME = SportsList;
			};
			name = Debug;
		};
		007657C627D8ABD500EF909F /* Release */ = {
			isa = XCBuildConfiguration;
			buildSettings = {
				ALWAYS_EMBED_SWIFT_STANDARD_LIBRARIES = YES;
				CODE_SIGN_STYLE = Automatic;
				CURRENT_PROJECT_VERSION = 1;
				GENERATE_INFOPLIST_FILE = YES;
				LD_RUNPATH_SEARCH_PATHS = (
					"$(inherited)",
					"@executable_path/Frameworks",
					"@loader_path/Frameworks",
				);
				MARKETING_VERSION = 1.0;
				PRODUCT_BUNDLE_IDENTIFIER = com.product.SportsListUITests;
				PRODUCT_NAME = "$(TARGET_NAME)";
				SWIFT_EMIT_LOC_STRINGS = NO;
				SWIFT_VERSION = 5.0;
				TARGETED_DEVICE_FAMILY = "1,2";
				TEST_TARGET_NAME = SportsList;
			};
			name = Release;
		};
/* End XCBuildConfiguration section */

/* Begin XCConfigurationList section */
		0076578F27D8ABCE00EF909F /* Build configuration list for PBXProject "SportsList" */ = {
			isa = XCConfigurationList;
			buildConfigurations = (
				007657BC27D8ABD500EF909F /* Debug */,
				007657BD27D8ABD500EF909F /* Release */,
			);
			defaultConfigurationIsVisible = 0;
			defaultConfigurationName = Release;
		};
		007657BE27D8ABD500EF909F /* Build configuration list for PBXNativeTarget "SportsList" */ = {
			isa = XCConfigurationList;
			buildConfigurations = (
				007657BF27D8ABD500EF909F /* Debug */,
				007657C027D8ABD500EF909F /* Release */,
			);
			defaultConfigurationIsVisible = 0;
			defaultConfigurationName = Release;
		};
		007657C127D8ABD500EF909F /* Build configuration list for PBXNativeTarget "SportsListTests" */ = {
			isa = XCConfigurationList;
			buildConfigurations = (
				007657C227D8ABD500EF909F /* Debug */,
				007657C327D8ABD500EF909F /* Release */,
			);
			defaultConfigurationIsVisible = 0;
			defaultConfigurationName = Release;
		};
		007657C427D8ABD500EF909F /* Build configuration list for PBXNativeTarget "SportsListUITests" */ = {
			isa = XCConfigurationList;
			buildConfigurations = (
				007657C527D8ABD500EF909F /* Debug */,
				007657C627D8ABD500EF909F /* Release */,
			);
			defaultConfigurationIsVisible = 0;
			defaultConfigurationName = Release;
		};
/* End XCConfigurationList section */

/* Begin XCRemoteSwiftPackageReference section */
		0076580327D8AE1400EF909F /* XCRemoteSwiftPackageReference "SDWebImage" */ = {
			isa = XCRemoteSwiftPackageReference;
			repositoryURL = "https://github.com/SDWebImage/SDWebImage.git";
			requirement = {
				branch = master;
				kind = branch;
			};
		};
/* End XCRemoteSwiftPackageReference section */

/* Begin XCSwiftPackageProductDependency section */
		0076580427D8AE1400EF909F /* SDWebImage */ = {
			isa = XCSwiftPackageProductDependency;
			package = 0076580327D8AE1400EF909F /* XCRemoteSwiftPackageReference "SDWebImage" */;
			productName = SDWebImage;
		};
		0076580627D8AE1400EF909F /* SDWebImageMapKit */ = {
			isa = XCSwiftPackageProductDependency;
			package = 0076580327D8AE1400EF909F /* XCRemoteSwiftPackageReference "SDWebImage" */;
			productName = SDWebImageMapKit;
		};
/* End XCSwiftPackageProductDependency section */
	};
	rootObject = 0076578C27D8ABCE00EF909F /* Project object */;
}
